
Microsoft Visual Studio Solution File, Format Version 12.00
# Visual Studio 15
VisualStudioVersion = 15.0.28307.1259
MinimumVisualStudioVersion = 10.0.40219.1
Project("{FAE04EC0-301F-11D3-BF4B-00C04F79EFBC}") = "task", "task\task.csproj", "{21474F65-2497-4659-BDDE-D9D85A2F9FCD}"
EndProject
Global
	GlobalSection(SolutionConfigurationPlatforms) = preSolution
		Debug|Any CPU = Debug|Any CPU
		Release|Any CPU = Release|Any CPU
	EndGlobalSection
	GlobalSection(ProjectConfigurationPlatforms) = postSolution
		{21474F65-2497-4659-BDDE-D9D85A2F9FCD}.Debug|Any CPU.ActiveCfg = Debug|Any CPU
		{21474F65-2497-4659-BDDE-D9D85A2F9FCD}.Debug|Any CPU.Build.0 = Debug|Any CPU
		{21474F65-2497-4659-BDDE-D9D85A2F9FCD}.Release|Any CPU.ActiveCfg = Release|Any CPU
		{21474F65-2497-4659-BDDE-D9D85A2F9FCD}.Release|Any CPU.Build.0 = Release|Any CPU
	EndGlobalSection
	GlobalSection(SolutionProperties) = preSolution
		HideSolutionNode = FALSE
	EndGlobalSection
	GlobalSection(ExtensibilityGlobals) = postSolution
		SolutionGuid = {FBB73D7C-8910-4424-97E2-F41B331E6A4B}
	EndGlobalSection
EndGlobal
